
Microsoft Visual Studio Solution File, Format Version 12.00
# Visual Studio Version 17
VisualStudioVersion = 17.7.34031.279
MinimumVisualStudioVersion = 10.0.40219.1
Project("{8BC9CEB8-8B4A-11D0-8D11-00A0C91BC942}") = "ex4", "ex4\ex4.vcxproj", "{B4C53865-EF37-45DC-905A-90671E8D1E10}"
EndProject
Global
	GlobalSection(SolutionConfigurationPlatforms) = preSolution
		Debug|x64 = Debug|x64
		Debug|x86 = Debug|x86
		Release|x64 = Release|x64
		Release|x86 = Release|x86
	EndGlobalSection
	GlobalSection(ProjectConfigurationPlatforms) = postSolution
		{B4C53865-EF37-45DC-905A-90671E8D1E10}.Debug|x64.ActiveCfg = Debug|x64
		{B4C53865-EF37-45DC-905A-90671E8D1E10}.Debug|x64.Build.0 = Debug|x64
		{B4C53865-EF37-45DC-905A-90671E8D1E10}.Debug|x86.ActiveCfg = Debug|Win32
		{B4C53865-EF37-45DC-905A-90671E8D1E10}.Debug|x86.Build.0 = Debug|Win32
		{B4C53865-EF37-45DC-905A-90671E8D1E10}.Release|x64.ActiveCfg = Release|x64
		{B4C53865-EF37-45DC-905A-90671E8D1E10}.Release|x64.Build.0 = Release|x64
		{B4C53865-EF37-45DC-905A-90671E8D1E10}.Release|x86.ActiveCfg = Release|Win32
		{B4C53865-EF37-45DC-905A-90671E8D1E10}.Release|x86.Build.0 = Release|Win32
	EndGlobalSection
	GlobalSection(SolutionProperties) = preSolution
		HideSolutionNode = FALSE
	EndGlobalSection
	GlobalSection(ExtensibilityGlobals) = postSolution
		SolutionGuid = {6000C429-FD5B-455E-84F0-37DF52A92178}
	EndGlobalSection
EndGlobal
