
Microsoft Visual Studio Solution File, Format Version 12.00
# Visual Studio Version 16
VisualStudioVersion = 16.0.30320.27
MinimumVisualStudioVersion = 10.0.40219.1
Project("{8BC9CEB8-8B4A-11D0-8D11-00A0C91BC942}") = "Renato_Craveiro_2020_21_POO_2018011392", "Renato_Craveiro_2020_21_POO_2018011392\Renato_Craveiro_2020_21_POO_2018011392.vcxproj", "{816E1084-AEC2-4557-923B-9E35BAB192D7}"
EndProject
Global
	GlobalSection(SolutionConfigurationPlatforms) = preSolution
		Debug|x64 = Debug|x64
		Debug|x86 = Debug|x86
		Release|x64 = Release|x64
		Release|x86 = Release|x86
	EndGlobalSection
	GlobalSection(ProjectConfigurationPlatforms) = postSolution
		{816E1084-AEC2-4557-923B-9E35BAB192D7}.Debug|x64.ActiveCfg = Debug|x64
		{816E1084-AEC2-4557-923B-9E35BAB192D7}.Debug|x64.Build.0 = Debug|x64
		{816E1084-AEC2-4557-923B-9E35BAB192D7}.Debug|x86.ActiveCfg = Debug|Win32
		{816E1084-AEC2-4557-923B-9E35BAB192D7}.Debug|x86.Build.0 = Debug|Win32
		{816E1084-AEC2-4557-923B-9E35BAB192D7}.Release|x64.ActiveCfg = Release|x64
		{816E1084-AEC2-4557-923B-9E35BAB192D7}.Release|x64.Build.0 = Release|x64
		{816E1084-AEC2-4557-923B-9E35BAB192D7}.Release|x86.ActiveCfg = Release|Win32
		{816E1084-AEC2-4557-923B-9E35BAB192D7}.Release|x86.Build.0 = Release|Win32
	EndGlobalSection
	GlobalSection(SolutionProperties) = preSolution
		HideSolutionNode = FALSE
	EndGlobalSection
	GlobalSection(ExtensibilityGlobals) = postSolution
		SolutionGuid = {A8B07E84-873B-4B3C-AF7B-F3D79F776D3A}
	EndGlobalSection
EndGlobal
